
Microsoft Visual Studio Solution File, Format Version 12.00
# Visual Studio Version 17
VisualStudioVersion = 17.2.32616.157
MinimumVisualStudioVersion = 10.0.40219.1
Project("{FAE04EC0-301F-11D3-BF4B-00C04F79EFBC}") = "GisHackathon", "GisHackathon\GisHackathon.csproj", "{FA314837-C367-4BDA-9731-7EEB6E57DA39}"
EndProject
Global
	GlobalSection(SolutionConfigurationPlatforms) = preSolution
		Debug|Any CPU = Debug|Any CPU
		Release|Any CPU = Release|Any CPU
	EndGlobalSection
	GlobalSection(ProjectConfigurationPlatforms) = postSolution
		{FA314837-C367-4BDA-9731-7EEB6E57DA39}.Debug|Any CPU.ActiveCfg = Debug|Any CPU
		{FA314837-C367-4BDA-9731-7EEB6E57DA39}.Debug|Any CPU.Build.0 = Debug|Any CPU
		{FA314837-C367-4BDA-9731-7EEB6E57DA39}.Release|Any CPU.ActiveCfg = Release|Any CPU
		{FA314837-C367-4BDA-9731-7EEB6E57DA39}.Release|Any CPU.Build.0 = Release|Any CPU
	EndGlobalSection
	GlobalSection(SolutionProperties) = preSolution
		HideSolutionNode = FALSE
	EndGlobalSection
	GlobalSection(ExtensibilityGlobals) = postSolution
		SolutionGuid = {4DB09A7E-DFEF-48BD-A301-82A950BB6CE1}
	EndGlobalSection
EndGlobal
